
Microsoft Visual Studio Solution File, Format Version 12.00
# Visual Studio Version 17
VisualStudioVersion = 17.0.31903.59
MinimumVisualStudioVersion = 10.0.40219.1
Project("{FAE04EC0-301F-11D3-BF4B-00C04F79EFBC}") = "Infrustructure", "Infrustructure\Infrustructure.csproj", "{F1C903D7-FAE3-4A35-BF45-700E8861BC82}"
EndProject
Project("{FAE04EC0-301F-11D3-BF4B-00C04F79EFBC}") = "MainApp", "MainApp\MainApp.csproj", "{0557B003-4AFA-4B65-B6DD-F166BE64C89E}"
EndProject
Project("{FAE04EC0-301F-11D3-BF4B-00C04F79EFBC}") = "Model", "Model\Model.csproj", "{2241E414-0FBF-45F9-9967-45B4CB00B32C}"
EndProject
Global
	GlobalSection(SolutionConfigurationPlatforms) = preSolution
		Debug|Any CPU = Debug|Any CPU
		Release|Any CPU = Release|Any CPU
	EndGlobalSection
	GlobalSection(SolutionProperties) = preSolution
		HideSolutionNode = FALSE
	EndGlobalSection
	GlobalSection(ProjectConfigurationPlatforms) = postSolution
		{F1C903D7-FAE3-4A35-BF45-700E8861BC82}.Debug|Any CPU.ActiveCfg = Debug|Any CPU
		{F1C903D7-FAE3-4A35-BF45-700E8861BC82}.Debug|Any CPU.Build.0 = Debug|Any CPU
		{F1C903D7-FAE3-4A35-BF45-700E8861BC82}.Release|Any CPU.ActiveCfg = Release|Any CPU
		{F1C903D7-FAE3-4A35-BF45-700E8861BC82}.Release|Any CPU.Build.0 = Release|Any CPU
		{0557B003-4AFA-4B65-B6DD-F166BE64C89E}.Debug|Any CPU.ActiveCfg = Debug|Any CPU
		{0557B003-4AFA-4B65-B6DD-F166BE64C89E}.Debug|Any CPU.Build.0 = Debug|Any CPU
		{0557B003-4AFA-4B65-B6DD-F166BE64C89E}.Release|Any CPU.ActiveCfg = Release|Any CPU
		{0557B003-4AFA-4B65-B6DD-F166BE64C89E}.Release|Any CPU.Build.0 = Release|Any CPU
		{2241E414-0FBF-45F9-9967-45B4CB00B32C}.Debug|Any CPU.ActiveCfg = Debug|Any CPU
		{2241E414-0FBF-45F9-9967-45B4CB00B32C}.Debug|Any CPU.Build.0 = Debug|Any CPU
		{2241E414-0FBF-45F9-9967-45B4CB00B32C}.Release|Any CPU.ActiveCfg = Release|Any CPU
		{2241E414-0FBF-45F9-9967-45B4CB00B32C}.Release|Any CPU.Build.0 = Release|Any CPU
	EndGlobalSection
EndGlobal
